
Microsoft Visual Studio Solution File, Format Version 12.00
# Visual Studio Version 16
VisualStudioVersion = 16.0.31313.79
MinimumVisualStudioVersion = 10.0.40219.1
Project("{FAE04EC0-301F-11D3-BF4B-00C04F79EFBC}") = "ExamenBI.Console", "ExamenBI.Console\ExamenBI.Console.csproj", "{0424697C-B06B-4019-A83D-01339FF71E75}"
EndProject
Project("{FAE04EC0-301F-11D3-BF4B-00C04F79EFBC}") = "ExamenBI.Data", "ExamenBI.Data\ExamenBI.Data.csproj", "{010A682F-F653-4B1C-B78B-62FF5D72814D}"
EndProject
Project("{FAE04EC0-301F-11D3-BF4B-00C04F79EFBC}") = "ExamenBI.Domain", "ExamenBI.Domain\ExamenBI.Domain.csproj", "{632F7A93-90DF-4D7B-8264-613411B97BBE}"
EndProject
Project("{FAE04EC0-301F-11D3-BF4B-00C04F79EFBC}") = "ExamenBI.Service", "ExamenBI.Service\ExamenBI.Service.csproj", "{7651E889-03BD-42F4-A9B2-612314D4C821}"
EndProject
Project("{FAE04EC0-301F-11D3-BF4B-00C04F79EFBC}") = "Service.Pattern", "Service.Pattern\Service.Pattern.csproj", "{CEE9D53B-A42F-4FA7-B88A-E4E9709E47D0}"
EndProject
Project("{FAE04EC0-301F-11D3-BF4B-00C04F79EFBC}") = "ExamenBI.Web", "ExamenBI.Web\ExamenBI.Web.csproj", "{2AAB6927-02F3-4085-B675-F43C2782C5B9}"
EndProject
Global
	GlobalSection(SolutionConfigurationPlatforms) = preSolution
		Debug|Any CPU = Debug|Any CPU
		Release|Any CPU = Release|Any CPU
	EndGlobalSection
	GlobalSection(ProjectConfigurationPlatforms) = postSolution
		{0424697C-B06B-4019-A83D-01339FF71E75}.Debug|Any CPU.ActiveCfg = Debug|Any CPU
		{0424697C-B06B-4019-A83D-01339FF71E75}.Debug|Any CPU.Build.0 = Debug|Any CPU
		{0424697C-B06B-4019-A83D-01339FF71E75}.Release|Any CPU.ActiveCfg = Release|Any CPU
		{0424697C-B06B-4019-A83D-01339FF71E75}.Release|Any CPU.Build.0 = Release|Any CPU
		{010A682F-F653-4B1C-B78B-62FF5D72814D}.Debug|Any CPU.ActiveCfg = Debug|Any CPU
		{010A682F-F653-4B1C-B78B-62FF5D72814D}.Debug|Any CPU.Build.0 = Debug|Any CPU
		{010A682F-F653-4B1C-B78B-62FF5D72814D}.Release|Any CPU.ActiveCfg = Release|Any CPU
		{010A682F-F653-4B1C-B78B-62FF5D72814D}.Release|Any CPU.Build.0 = Release|Any CPU
		{632F7A93-90DF-4D7B-8264-613411B97BBE}.Debug|Any CPU.ActiveCfg = Debug|Any CPU
		{632F7A93-90DF-4D7B-8264-613411B97BBE}.Debug|Any CPU.Build.0 = Debug|Any CPU
		{632F7A93-90DF-4D7B-8264-613411B97BBE}.Release|Any CPU.ActiveCfg = Release|Any CPU
		{632F7A93-90DF-4D7B-8264-613411B97BBE}.Release|Any CPU.Build.0 = Release|Any CPU
		{7651E889-03BD-42F4-A9B2-612314D4C821}.Debug|Any CPU.ActiveCfg = Debug|Any CPU
		{7651E889-03BD-42F4-A9B2-612314D4C821}.Debug|Any CPU.Build.0 = Debug|Any CPU
		{7651E889-03BD-42F4-A9B2-612314D4C821}.Release|Any CPU.ActiveCfg = Release|Any CPU
		{7651E889-03BD-42F4-A9B2-612314D4C821}.Release|Any CPU.Build.0 = Release|Any CPU
		{CEE9D53B-A42F-4FA7-B88A-E4E9709E47D0}.Debug|Any CPU.ActiveCfg = Debug|Any CPU
		{CEE9D53B-A42F-4FA7-B88A-E4E9709E47D0}.Debug|Any CPU.Build.0 = Debug|Any CPU
		{CEE9D53B-A42F-4FA7-B88A-E4E9709E47D0}.Release|Any CPU.ActiveCfg = Release|Any CPU
		{CEE9D53B-A42F-4FA7-B88A-E4E9709E47D0}.Release|Any CPU.Build.0 = Release|Any CPU
		{2AAB6927-02F3-4085-B675-F43C2782C5B9}.Debug|Any CPU.ActiveCfg = Debug|Any CPU
		{2AAB6927-02F3-4085-B675-F43C2782C5B9}.Debug|Any CPU.Build.0 = Debug|Any CPU
		{2AAB6927-02F3-4085-B675-F43C2782C5B9}.Release|Any CPU.ActiveCfg = Release|Any CPU
		{2AAB6927-02F3-4085-B675-F43C2782C5B9}.Release|Any CPU.Build.0 = Release|Any CPU
	EndGlobalSection
	GlobalSection(SolutionProperties) = preSolution
		HideSolutionNode = FALSE
	EndGlobalSection
	GlobalSection(ExtensibilityGlobals) = postSolution
		SolutionGuid = {ED50C1A3-CBE4-49EA-BFC8-7E584B9739B8}
	EndGlobalSection
EndGlobal
